{
  "name": "@stateset/embedded",
  "version": "1.28.3",
  "lockfileVersion": 3,
  "requires": true,
  "packages": {
    "": {
      "name": "@stateset/embedded",
      "version": "1.28.3",
      "license": "MIT OR Apache-2.0",
      "devDependencies": {
        "@napi-rs/cli": "^2.18.0"
      },
      "engines": {
        "node": ">=20.20.0",
        "npm": ">=10.0.0"
      },
      "optionalDependencies": {
        "@stateset/embedded-darwin-arm64": "1.28.2",
        "@stateset/embedded-darwin-x64": "1.28.2",
        "@stateset/embedded-linux-arm64-gnu": "1.28.2",
        "@stateset/embedded-linux-arm64-musl": "1.28.2",
        "@stateset/embedded-linux-x64-gnu": "1.28.2",
        "@stateset/embedded-linux-x64-musl": "1.28.2",
        "@stateset/embedded-win32-arm64-msvc": "1.28.2",
        "@stateset/embedded-win32-x64-msvc": "1.28.2"
      },
      "peerDependencies": {
        "@stateset/cli": "^1.28.2"
      },
      "peerDependenciesMeta": {
        "@stateset/cli": {
          "optional": true
        }
      }
    },
    "node_modules/@napi-rs/cli": {
      "version": "2.18.4",
      "resolved": "https://registry.npmjs.org/@napi-rs/cli/-/cli-2.18.4.tgz",
      "integrity": "sha512-SgJeA4df9DE2iAEpr3M2H0OKl/yjtg1BnRI5/JyowS71tUWhrfSu2LT0V3vlHET+g1hBVlrO60PmEXwUEKp8Mg==",
      "dev": true,
      "license": "MIT",
      "bin": {
        "napi": "scripts/index.js"
      },
      "engines": {
        "node": ">= 10"
      },
      "funding": {
        "type": "github",
        "url": "https://github.com/sponsors/Brooooooklyn"
      }
    },
    "node_modules/@stateset/embedded-darwin-arm64": {
      "version": "1.28.2",
      "resolved": "https://registry.npmjs.org/@stateset/embedded-darwin-arm64/-/embedded-darwin-arm64-1.28.2.tgz",
      "integrity": "sha512-aLSLDQtaPP0hCu1PLqkpVQVegdCOIh8OeNJjM4tOBIIAM6dBB1cNDls32XBq+bchFzTljA4+p84qvNmZeGV1Hg==",
      "cpu": [
        "arm64"
      ],
      "license": "MIT OR Apache-2.0",
      "optional": true,
      "os": [
        "darwin"
      ],
      "engines": {
        "node": ">=20.20.0",
        "npm": ">=10.0.0"
      }
    },
    "node_modules/@stateset/embedded-darwin-x64": {
      "version": "1.28.2",
      "resolved": "https://registry.npmjs.org/@stateset/embedded-darwin-x64/-/embedded-darwin-x64-1.28.2.tgz",
      "integrity": "sha512-aqFSFn6P6ZMuWsyifm6ZW6dLGLAf7gjiun+8HCdJNn2KMDOF7kxIqeg6IIOsfr41hVXiF8uHMq6qb5nW4c8Gmw==",
      "cpu": [
        "x64"
      ],
      "license": "MIT OR Apache-2.0",
      "optional": true,
      "os": [
        "darwin"
      ],
      "engines": {
        "node": ">=20.20.0",
        "npm": ">=10.0.0"
      }
    },
    "node_modules/@stateset/embedded-linux-arm64-gnu": {
      "version": "1.28.2",
      "resolved": "https://registry.npmjs.org/@stateset/embedded-linux-arm64-gnu/-/embedded-linux-arm64-gnu-1.28.2.tgz",
      "integrity": "sha512-NN9jvunQ108qM1jCyHBETI7ZJ3fRPxhm/Xphwua/rxtU0zt0SzIrpNvHG7H55d3c0KHIAfxtESPXNCnGmgEJTw==",
      "cpu": [
        "arm64"
      ],
      "license": "MIT OR Apache-2.0",
      "optional": true,
      "os": [
        "linux"
      ],
      "engines": {
        "node": ">=20.20.0",
        "npm": ">=10.0.0"
      }
    },
    "node_modules/@stateset/embedded-linux-arm64-musl": {
      "version": "1.28.2",
      "resolved": "https://registry.npmjs.org/@stateset/embedded-linux-arm64-musl/-/embedded-linux-arm64-musl-1.28.2.tgz",
      "integrity": "sha512-MRPTqtI4fQ7BdE6Ok5Ye1UpQqpB5qNpvX569sciLcN8AzqMDRZe9INKLO0gctnQXsqcn+oayw0/loUBSb0OEVA==",
      "cpu": [
        "arm64"
      ],
      "license": "MIT OR Apache-2.0",
      "optional": true,
      "os": [
        "linux"
      ],
      "engines": {
        "node": ">=20.20.0",
        "npm": ">=10.0.0"
      }
    },
    "node_modules/@stateset/embedded-linux-x64-gnu": {
      "version": "1.28.2",
      "resolved": "https://registry.npmjs.org/@stateset/embedded-linux-x64-gnu/-/embedded-linux-x64-gnu-1.28.2.tgz",
      "integrity": "sha512-3i866LTqlK6z4EcA+0Sxt4ErV25ciuKj4gXqlZVnM6a/wL3IgGvg9dHV7zJvaszpUl1fKkc+YXv+7h1GB4FFgg==",
      "cpu": [
        "x64"
      ],
      "license": "MIT OR Apache-2.0",
      "optional": true,
      "os": [
        "linux"
      ],
      "engines": {
        "node": ">=20.20.0",
        "npm": ">=10.0.0"
      }
    },
    "node_modules/@stateset/embedded-linux-x64-musl": {
      "version": "1.28.2",
      "resolved": "https://registry.npmjs.org/@stateset/embedded-linux-x64-musl/-/embedded-linux-x64-musl-1.28.2.tgz",
      "integrity": "sha512-6vz0nB33i2Hap4Tz8MWKrT+DVUZBBuPvnXVqt9kjqWXmUP2DM6VJ1CCAvHBUr9YxzyrfC2m1CY1h/KIj/t6EMA==",
      "cpu": [
        "x64"
      ],
      "license": "MIT OR Apache-2.0",
      "optional": true,
      "os": [
        "linux"
      ],
      "engines": {
        "node": ">=20.20.0",
        "npm": ">=10.0.0"
      }
    },
    "node_modules/@stateset/embedded-win32-arm64-msvc": {
      "version": "1.28.2",
      "resolved": "https://registry.npmjs.org/@stateset/embedded-win32-arm64-msvc/-/embedded-win32-arm64-msvc-1.28.2.tgz",
      "integrity": "sha512-h81xGRXtehBExKNv/GYfWxVMFqu2eBEv1ZiL5x2KUFbU4RGaRz9HaEs24sQah+h5zV4wWkIqRpRTfkTO8CZYpA==",
      "cpu": [
        "arm64"
      ],
      "license": "MIT OR Apache-2.0",
      "optional": true,
      "os": [
        "win32"
      ],
      "engines": {
        "node": ">=20.20.0",
        "npm": ">=10.0.0"
      }
    },
    "node_modules/@stateset/embedded-win32-x64-msvc": {
      "version": "1.28.2",
      "resolved": "https://registry.npmjs.org/@stateset/embedded-win32-x64-msvc/-/embedded-win32-x64-msvc-1.28.2.tgz",
      "integrity": "sha512-bwe8wrsavuNTA+am3Gh0dE74YVTO//hcldSYRmCqKzBCvh3o1YM4YZhOZJ4VVrtI0OLC2qvPlK9kO5rN5MPALA==",
      "cpu": [
        "x64"
      ],
      "license": "MIT OR Apache-2.0",
      "optional": true,
      "os": [
        "win32"
      ],
      "engines": {
        "node": ">=20.20.0",
        "npm": ">=10.0.0"
      }
    }
  }
}
