{
  "name": "@stateset/embedded",
  "version": "1.28.2",
  "lockfileVersion": 3,
  "requires": true,
  "packages": {
    "": {
      "name": "@stateset/embedded",
      "version": "1.28.2",
      "license": "MIT OR Apache-2.0",
      "devDependencies": {
        "@napi-rs/cli": "^2.18.0"
      },
      "engines": {
        "node": ">=20.20.0",
        "npm": ">=10.0.0"
      },
      "optionalDependencies": {
        "@stateset/embedded-darwin-arm64": "1.28.1",
        "@stateset/embedded-darwin-x64": "1.28.1",
        "@stateset/embedded-linux-arm64-gnu": "1.28.1",
        "@stateset/embedded-linux-arm64-musl": "1.28.1",
        "@stateset/embedded-linux-x64-gnu": "1.28.1",
        "@stateset/embedded-linux-x64-musl": "1.28.1",
        "@stateset/embedded-win32-arm64-msvc": "1.28.1",
        "@stateset/embedded-win32-x64-msvc": "1.28.1"
      },
      "peerDependencies": {
        "@stateset/cli": "^1.28.1"
      },
      "peerDependenciesMeta": {
        "@stateset/cli": {
          "optional": true
        }
      }
    },
    "node_modules/@napi-rs/cli": {
      "version": "2.18.4",
      "resolved": "https://registry.npmjs.org/@napi-rs/cli/-/cli-2.18.4.tgz",
      "integrity": "sha512-SgJeA4df9DE2iAEpr3M2H0OKl/yjtg1BnRI5/JyowS71tUWhrfSu2LT0V3vlHET+g1hBVlrO60PmEXwUEKp8Mg==",
      "dev": true,
      "license": "MIT",
      "bin": {
        "napi": "scripts/index.js"
      },
      "engines": {
        "node": ">= 10"
      },
      "funding": {
        "type": "github",
        "url": "https://github.com/sponsors/Brooooooklyn"
      }
    },
    "node_modules/@stateset/embedded-darwin-arm64": {
      "version": "1.28.1",
      "resolved": "https://registry.npmjs.org/@stateset/embedded-darwin-arm64/-/embedded-darwin-arm64-1.28.1.tgz",
      "integrity": "sha512-kvrSb8ihvVz5HrNaJz0sQ8JGYrP6sTfAkITmrIbxvwV3v03kJ6RQDaRUm/3itSzBExt49AfuRQb4GJm0Nrzxyw==",
      "cpu": [
        "arm64"
      ],
      "license": "MIT OR Apache-2.0",
      "optional": true,
      "os": [
        "darwin"
      ],
      "engines": {
        "node": ">=20.20.0",
        "npm": ">=10.0.0"
      }
    },
    "node_modules/@stateset/embedded-darwin-x64": {
      "version": "1.28.1",
      "resolved": "https://registry.npmjs.org/@stateset/embedded-darwin-x64/-/embedded-darwin-x64-1.28.1.tgz",
      "integrity": "sha512-2rMQW3gVH6tysTfUjOUw6xR411Se7FOYYgDzGxuDd9MzDJMM4aNziQW4/zMfM/wPT6t2YEofjAd2QsuwMmAjiA==",
      "cpu": [
        "x64"
      ],
      "license": "MIT OR Apache-2.0",
      "optional": true,
      "os": [
        "darwin"
      ],
      "engines": {
        "node": ">=20.20.0",
        "npm": ">=10.0.0"
      }
    },
    "node_modules/@stateset/embedded-linux-arm64-gnu": {
      "version": "1.28.1",
      "resolved": "https://registry.npmjs.org/@stateset/embedded-linux-arm64-gnu/-/embedded-linux-arm64-gnu-1.28.1.tgz",
      "integrity": "sha512-v0CTSOqS4ZdSPLakaoWCbDc++/1yPDQTURVO6yk5zui9LPzq+SjXuOY5ywR8/AijypUPdaQDokvziWYhVjl/DA==",
      "cpu": [
        "arm64"
      ],
      "license": "MIT OR Apache-2.0",
      "optional": true,
      "os": [
        "linux"
      ],
      "engines": {
        "node": ">=20.20.0",
        "npm": ">=10.0.0"
      }
    },
    "node_modules/@stateset/embedded-linux-arm64-musl": {
      "version": "1.28.1",
      "resolved": "https://registry.npmjs.org/@stateset/embedded-linux-arm64-musl/-/embedded-linux-arm64-musl-1.28.1.tgz",
      "integrity": "sha512-nWIXvNr1MFLP62FvsFp5AtIuJhXYVofJenqQGOsWCpPhq9aMC9yvS+lqbwh5iMTuYu9SsDKxrG48Ip7vkG5mzg==",
      "cpu": [
        "arm64"
      ],
      "license": "MIT OR Apache-2.0",
      "optional": true,
      "os": [
        "linux"
      ],
      "engines": {
        "node": ">=20.20.0",
        "npm": ">=10.0.0"
      }
    },
    "node_modules/@stateset/embedded-linux-x64-gnu": {
      "version": "1.28.1",
      "resolved": "https://registry.npmjs.org/@stateset/embedded-linux-x64-gnu/-/embedded-linux-x64-gnu-1.28.1.tgz",
      "integrity": "sha512-p3LGwT4an/F+aIicKv3zB/FJxx7Og7zuCF+09DDx4j4XVDt2jtmdKy0fN2QjnplcZxSfqNnlj5oYDyAto43EEg==",
      "cpu": [
        "x64"
      ],
      "license": "MIT OR Apache-2.0",
      "optional": true,
      "os": [
        "linux"
      ],
      "engines": {
        "node": ">=20.20.0",
        "npm": ">=10.0.0"
      }
    },
    "node_modules/@stateset/embedded-linux-x64-musl": {
      "version": "1.28.1",
      "resolved": "https://registry.npmjs.org/@stateset/embedded-linux-x64-musl/-/embedded-linux-x64-musl-1.28.1.tgz",
      "integrity": "sha512-LkTY3E+pdaA+HlZoVG1FnGHJJrpqKw3uZDpzCHKwJoVQafZ1uLQimpWkOLRp4dOvQS6Y5UelPK8gkedvh4Nqtw==",
      "cpu": [
        "x64"
      ],
      "license": "MIT OR Apache-2.0",
      "optional": true,
      "os": [
        "linux"
      ],
      "engines": {
        "node": ">=20.20.0",
        "npm": ">=10.0.0"
      }
    },
    "node_modules/@stateset/embedded-win32-arm64-msvc": {
      "version": "1.28.1",
      "resolved": "https://registry.npmjs.org/@stateset/embedded-win32-arm64-msvc/-/embedded-win32-arm64-msvc-1.28.1.tgz",
      "integrity": "sha512-Vzi0wYlZLmP6JN2FOkGA1GaocuAwr8k1E01FaV9IEDVR//1qpoo1cmpL+KtGnCbX2fgPqUVJK3dYoyDQ3bb3Eg==",
      "cpu": [
        "arm64"
      ],
      "license": "MIT OR Apache-2.0",
      "optional": true,
      "os": [
        "win32"
      ],
      "engines": {
        "node": ">=20.20.0",
        "npm": ">=10.0.0"
      }
    },
    "node_modules/@stateset/embedded-win32-x64-msvc": {
      "version": "1.28.1",
      "resolved": "https://registry.npmjs.org/@stateset/embedded-win32-x64-msvc/-/embedded-win32-x64-msvc-1.28.1.tgz",
      "integrity": "sha512-i9bJ+0ONibLHU8VVS1Fl5LZCsZcUrzHnWT3xsEhP2TTRQNEF79U2V28dvmka2SLWT57h6dNekBwOJfCHHmbrUg==",
      "cpu": [
        "x64"
      ],
      "license": "MIT OR Apache-2.0",
      "optional": true,
      "os": [
        "win32"
      ],
      "engines": {
        "node": ">=20.20.0",
        "npm": ">=10.0.0"
      }
    }
  }
}
