{
  "name": "@stateset/embedded",
  "version": "1.34.0",
  "lockfileVersion": 3,
  "requires": true,
  "packages": {
    "": {
      "name": "@stateset/embedded",
      "version": "1.34.0",
      "license": "MIT OR Apache-2.0",
      "devDependencies": {
        "@napi-rs/cli": "^2.18.0"
      },
      "engines": {
        "node": ">=20.20.0",
        "npm": ">=10.0.0"
      },
      "optionalDependencies": {
        "@stateset/embedded-darwin-arm64": "1.34.0",
        "@stateset/embedded-darwin-x64": "1.34.0",
        "@stateset/embedded-linux-arm64-gnu": "1.34.0",
        "@stateset/embedded-linux-arm64-musl": "1.34.0",
        "@stateset/embedded-linux-x64-gnu": "1.34.0",
        "@stateset/embedded-linux-x64-musl": "1.34.0",
        "@stateset/embedded-win32-arm64-msvc": "1.34.0",
        "@stateset/embedded-win32-x64-msvc": "1.34.0"
      },
      "peerDependencies": {
        "@stateset/cli": "^1.34.0"
      },
      "peerDependenciesMeta": {
        "@stateset/cli": {
          "optional": true
        }
      }
    },
    "node_modules/@napi-rs/cli": {
      "version": "2.18.4",
      "resolved": "https://registry.npmjs.org/@napi-rs/cli/-/cli-2.18.4.tgz",
      "integrity": "sha512-SgJeA4df9DE2iAEpr3M2H0OKl/yjtg1BnRI5/JyowS71tUWhrfSu2LT0V3vlHET+g1hBVlrO60PmEXwUEKp8Mg==",
      "dev": true,
      "license": "MIT",
      "bin": {
        "napi": "scripts/index.js"
      },
      "engines": {
        "node": ">= 10"
      },
      "funding": {
        "type": "github",
        "url": "https://github.com/sponsors/Brooooooklyn"
      }
    },
    "node_modules/@stateset/embedded-darwin-arm64": {
      "version": "1.34.0",
      "resolved": "https://registry.npmjs.org/@stateset/embedded-darwin-arm64/-/embedded-darwin-arm64-1.34.0.tgz",
      "integrity": "sha512-G6fbLEmESWoKalTtLTdvFKr2LXAguk5dFEEwDKvYSr160aLmGxluB37aDhpQBSlkN6JAmbD7nBzRlQ8QQX5y6w==",
      "cpu": [
        "arm64"
      ],
      "license": "MIT OR Apache-2.0",
      "optional": true,
      "os": [
        "darwin"
      ],
      "engines": {
        "node": ">=20.20.0",
        "npm": ">=10.0.0"
      }
    },
    "node_modules/@stateset/embedded-darwin-x64": {
      "version": "1.34.0",
      "resolved": "https://registry.npmjs.org/@stateset/embedded-darwin-x64/-/embedded-darwin-x64-1.34.0.tgz",
      "integrity": "sha512-dx96q/JFctq58DFKcExU23kDEaDFlunBzMPWPkPVpZijuEcFn7JVEx3YVSCgw7dtAgbyJzlHFY4DOelopD2F0g==",
      "cpu": [
        "x64"
      ],
      "license": "MIT OR Apache-2.0",
      "optional": true,
      "os": [
        "darwin"
      ],
      "engines": {
        "node": ">=20.20.0",
        "npm": ">=10.0.0"
      }
    },
    "node_modules/@stateset/embedded-linux-arm64-gnu": {
      "version": "1.34.0",
      "resolved": "https://registry.npmjs.org/@stateset/embedded-linux-arm64-gnu/-/embedded-linux-arm64-gnu-1.34.0.tgz",
      "integrity": "sha512-WXJDnWNr6jPus93YhNb8rNyBULRzuZ8nVnbI1Oh3r9LVanVSfA9BvoMENZ4bhIc+934bLTF9CvEub5DSjR3v1g==",
      "cpu": [
        "arm64"
      ],
      "license": "MIT OR Apache-2.0",
      "optional": true,
      "os": [
        "linux"
      ],
      "engines": {
        "node": ">=20.20.0",
        "npm": ">=10.0.0"
      }
    },
    "node_modules/@stateset/embedded-linux-arm64-musl": {
      "version": "1.34.0",
      "resolved": "https://registry.npmjs.org/@stateset/embedded-linux-arm64-musl/-/embedded-linux-arm64-musl-1.34.0.tgz",
      "integrity": "sha512-xs1ruEghO4XjqHilbtPNL/9K3AA2yl6R8wSwvA3iommLHrH6oBBiJshsad7QpPocQN1hSOVvNfjPR+xMVSSEeQ==",
      "cpu": [
        "arm64"
      ],
      "license": "MIT OR Apache-2.0",
      "optional": true,
      "os": [
        "linux"
      ],
      "engines": {
        "node": ">=20.20.0",
        "npm": ">=10.0.0"
      }
    },
    "node_modules/@stateset/embedded-linux-x64-gnu": {
      "version": "1.34.0",
      "resolved": "https://registry.npmjs.org/@stateset/embedded-linux-x64-gnu/-/embedded-linux-x64-gnu-1.34.0.tgz",
      "integrity": "sha512-gZ+Sd/uBNG1jR0vBeWwdq5Qy+jTA84bE2io/UZTR+p/PBRwyonukPA7JVCmabm1ZGw5G2WQmO0lLcgNu7hx8lQ==",
      "cpu": [
        "x64"
      ],
      "license": "MIT OR Apache-2.0",
      "optional": true,
      "os": [
        "linux"
      ],
      "engines": {
        "node": ">=20.20.0",
        "npm": ">=10.0.0"
      }
    },
    "node_modules/@stateset/embedded-linux-x64-musl": {
      "version": "1.34.0",
      "resolved": "https://registry.npmjs.org/@stateset/embedded-linux-x64-musl/-/embedded-linux-x64-musl-1.34.0.tgz",
      "integrity": "sha512-pnqsBVSknlAqeplyYV9rUlNo1/lPGAjtjR0c/Vd1HwqwPieVld5HEeIG7L5DnHDv3PpNNcfbDyKYJ8i+9uwQaQ==",
      "cpu": [
        "x64"
      ],
      "license": "MIT OR Apache-2.0",
      "optional": true,
      "os": [
        "linux"
      ],
      "engines": {
        "node": ">=20.20.0",
        "npm": ">=10.0.0"
      }
    },
    "node_modules/@stateset/embedded-win32-arm64-msvc": {
      "version": "1.34.0",
      "resolved": "https://registry.npmjs.org/@stateset/embedded-win32-arm64-msvc/-/embedded-win32-arm64-msvc-1.34.0.tgz",
      "integrity": "sha512-lMg6Dtmyzj1SfUGx1G3r2APgl1yl9TrVjD79suJc4JTqNVuOF7LB8R16FjInsMQ445fIFS3bEp0fBBKX08Tcag==",
      "cpu": [
        "arm64"
      ],
      "license": "MIT OR Apache-2.0",
      "optional": true,
      "os": [
        "win32"
      ],
      "engines": {
        "node": ">=20.20.0",
        "npm": ">=10.0.0"
      }
    },
    "node_modules/@stateset/embedded-win32-x64-msvc": {
      "version": "1.34.0",
      "resolved": "https://registry.npmjs.org/@stateset/embedded-win32-x64-msvc/-/embedded-win32-x64-msvc-1.34.0.tgz",
      "integrity": "sha512-lZ7IbAdeuvufRrKIXXlEutIivHSOenHKt2QLSrL9zod7ZATQDk2OUGXmm4yEAZ0TtfwNhpvuxG3Xjbq4GlCGGw==",
      "cpu": [
        "x64"
      ],
      "license": "MIT OR Apache-2.0",
      "optional": true,
      "os": [
        "win32"
      ],
      "engines": {
        "node": ">=20.20.0",
        "npm": ">=10.0.0"
      }
    }
  }
}
