{
  "name": "stateset-node-examples",
  "version": "1.23.5",
  "lockfileVersion": 3,
  "requires": true,
  "packages": {
    "": {
      "name": "stateset-node-examples",
      "version": "1.23.5",
      "license": "MIT OR Apache-2.0",
      "dependencies": {
        "@stateset/embedded": "^1.23.5"
      }
    },
    "node_modules/@stateset/embedded": {
      "version": "1.23.5",
      "resolved": "https://registry.npmjs.org/@stateset/embedded/-/embedded-1.23.5.tgz",
      "integrity": "sha512-ytJ/fyclZCR2You/IFs6T231w4pjFHIV0/zzs/1KPDR/kZDXUFEdWlk3YYaqjjTiSde0zSZsUlxGbPKKz8Yslw==",
      "license": "MIT OR Apache-2.0",
      "engines": {
        "node": ">=20.20.0",
        "npm": ">=10.0.0"
      },
      "optionalDependencies": {
        "@stateset/embedded-darwin-arm64": "1.23.5",
        "@stateset/embedded-darwin-x64": "1.23.5",
        "@stateset/embedded-linux-arm64-gnu": "1.23.5",
        "@stateset/embedded-linux-arm64-musl": "1.23.5",
        "@stateset/embedded-linux-x64-gnu": "1.23.5",
        "@stateset/embedded-linux-x64-musl": "1.23.5",
        "@stateset/embedded-win32-arm64-msvc": "1.23.5",
        "@stateset/embedded-win32-x64-msvc": "1.23.5"
      },
      "peerDependencies": {
        "@stateset/cli": "^1.23.5"
      },
      "peerDependenciesMeta": {
        "@stateset/cli": {
          "optional": true
        }
      }
    },
    "node_modules/@stateset/embedded-darwin-arm64": {
      "version": "1.23.5",
      "resolved": "https://registry.npmjs.org/@stateset/embedded-darwin-arm64/-/embedded-darwin-arm64-1.23.5.tgz",
      "integrity": "sha512-RyivaH0uFBBUfd2a1Dh9UAFQwsD/cTFr7ZwcxH48csUAQdejouQw2dp69sK8GLl4x6ItjBCww5d7QarjZYyYTA==",
      "cpu": [
        "arm64"
      ],
      "license": "MIT OR Apache-2.0",
      "optional": true,
      "os": [
        "darwin"
      ],
      "engines": {
        "node": ">=20.20.0",
        "npm": ">=10.0.0"
      }
    },
    "node_modules/@stateset/embedded-darwin-x64": {
      "version": "1.23.5",
      "resolved": "https://registry.npmjs.org/@stateset/embedded-darwin-x64/-/embedded-darwin-x64-1.23.5.tgz",
      "integrity": "sha512-3oy0hrslRjP58Oww9OSdxwFJgJsgx06+NbOTghU40RR0MkVqilnAwLsOEWBermeD+n+kmHR1oeyqhnFMWxiTIg==",
      "cpu": [
        "x64"
      ],
      "license": "MIT OR Apache-2.0",
      "optional": true,
      "os": [
        "darwin"
      ],
      "engines": {
        "node": ">=20.20.0",
        "npm": ">=10.0.0"
      }
    },
    "node_modules/@stateset/embedded-linux-arm64-gnu": {
      "version": "1.23.5",
      "resolved": "https://registry.npmjs.org/@stateset/embedded-linux-arm64-gnu/-/embedded-linux-arm64-gnu-1.23.5.tgz",
      "integrity": "sha512-Aa4IVKT7jCklUch2IM6KCnvS7nQ+sudSB30wxxbkRHdAUxZv9ZR732TpX+NVJZiZ/aGEqDmIkcLuJFHNojLHSQ==",
      "cpu": [
        "arm64"
      ],
      "license": "MIT OR Apache-2.0",
      "optional": true,
      "os": [
        "linux"
      ],
      "engines": {
        "node": ">=20.20.0",
        "npm": ">=10.0.0"
      }
    },
    "node_modules/@stateset/embedded-linux-arm64-musl": {
      "version": "1.23.5",
      "resolved": "https://registry.npmjs.org/@stateset/embedded-linux-arm64-musl/-/embedded-linux-arm64-musl-1.23.5.tgz",
      "integrity": "sha512-kptT8HX7jvfStanAFeRVivEq0nWtOpK4s08QMBiFch2LkLybOsxbzlHuQUQjPlsNS6OTXYVlYYxJNm/J9zQ21g==",
      "cpu": [
        "arm64"
      ],
      "license": "MIT OR Apache-2.0",
      "optional": true,
      "os": [
        "linux"
      ],
      "engines": {
        "node": ">=20.20.0",
        "npm": ">=10.0.0"
      }
    },
    "node_modules/@stateset/embedded-linux-x64-gnu": {
      "version": "1.23.5",
      "resolved": "https://registry.npmjs.org/@stateset/embedded-linux-x64-gnu/-/embedded-linux-x64-gnu-1.23.5.tgz",
      "integrity": "sha512-acyN/Ll9sN+ETQRbjEkAeX+v5dGFzBiJaUjZExXb81h9PigXT0uNsAovC4uH/4vPRxu+CrT7Nfiwg7qz8xbOoQ==",
      "cpu": [
        "x64"
      ],
      "license": "MIT OR Apache-2.0",
      "optional": true,
      "os": [
        "linux"
      ],
      "engines": {
        "node": ">=20.20.0",
        "npm": ">=10.0.0"
      }
    },
    "node_modules/@stateset/embedded-linux-x64-musl": {
      "version": "1.23.5",
      "resolved": "https://registry.npmjs.org/@stateset/embedded-linux-x64-musl/-/embedded-linux-x64-musl-1.23.5.tgz",
      "integrity": "sha512-24kcl6kqaI+0kdzC9E1km05KPAxZE9ExLFn5oBAzTg/UjrxNy263FtKmVqzezsH4yvlX/FPYsI+WrGGLAMj1wg==",
      "cpu": [
        "x64"
      ],
      "license": "MIT OR Apache-2.0",
      "optional": true,
      "os": [
        "linux"
      ],
      "engines": {
        "node": ">=20.20.0",
        "npm": ">=10.0.0"
      }
    },
    "node_modules/@stateset/embedded-win32-arm64-msvc": {
      "version": "1.23.5",
      "resolved": "https://registry.npmjs.org/@stateset/embedded-win32-arm64-msvc/-/embedded-win32-arm64-msvc-1.23.5.tgz",
      "integrity": "sha512-RdeDxrWlV0UrDNnhLKhImS1170A8IR9kwsfvuqqwWuUiIj3PB4Nc/YjbknpfakLKW/TVkjl8o2xVHhZ8x4Dycg==",
      "cpu": [
        "arm64"
      ],
      "license": "MIT OR Apache-2.0",
      "optional": true,
      "os": [
        "win32"
      ],
      "engines": {
        "node": ">=20.20.0",
        "npm": ">=10.0.0"
      }
    },
    "node_modules/@stateset/embedded-win32-x64-msvc": {
      "version": "1.23.5",
      "resolved": "https://registry.npmjs.org/@stateset/embedded-win32-x64-msvc/-/embedded-win32-x64-msvc-1.23.5.tgz",
      "integrity": "sha512-/JSzqit9ZneRQDfN135mJDXXQ8CX/lK4Y9xFRNHxp0Nm4TXbXmLcDs9Ec9jiH2Nzery2SMbMVlPx0df1T+zCZg==",
      "cpu": [
        "x64"
      ],
      "license": "MIT OR Apache-2.0",
      "optional": true,
      "os": [
        "win32"
      ],
      "engines": {
        "node": ">=20.20.0",
        "npm": ">=10.0.0"
      }
    }
  }
}
