{
  "name": "stateset-node-examples",
  "version": "1.23.6",
  "lockfileVersion": 3,
  "requires": true,
  "packages": {
    "": {
      "name": "stateset-node-examples",
      "version": "1.23.6",
      "license": "MIT OR Apache-2.0",
      "dependencies": {
        "@stateset/embedded": "^1.23.6"
      }
    },
    "node_modules/@stateset/embedded": {
      "version": "1.23.6",
      "resolved": "https://registry.npmjs.org/@stateset/embedded/-/embedded-1.23.6.tgz",
      "integrity": "sha512-UxDQo09lpeH/Y2uD93H1gjlwLsHpXhfzGhJdS4vJ4hbiPfSUYNMfrJyNhlTb2etM2MLu48XUUgDEZvXk2e6gzA==",
      "license": "MIT OR Apache-2.0",
      "engines": {
        "node": ">=20.20.0",
        "npm": ">=10.0.0"
      },
      "optionalDependencies": {
        "@stateset/embedded-darwin-arm64": "1.23.6",
        "@stateset/embedded-darwin-x64": "1.23.6",
        "@stateset/embedded-linux-arm64-gnu": "1.23.6",
        "@stateset/embedded-linux-arm64-musl": "1.23.6",
        "@stateset/embedded-linux-x64-gnu": "1.23.6",
        "@stateset/embedded-linux-x64-musl": "1.23.6",
        "@stateset/embedded-win32-arm64-msvc": "1.23.6",
        "@stateset/embedded-win32-x64-msvc": "1.23.6"
      },
      "peerDependencies": {
        "@stateset/cli": "^1.23.6"
      },
      "peerDependenciesMeta": {
        "@stateset/cli": {
          "optional": true
        }
      }
    },
    "node_modules/@stateset/embedded-darwin-arm64": {
      "version": "1.23.6",
      "resolved": "https://registry.npmjs.org/@stateset/embedded-darwin-arm64/-/embedded-darwin-arm64-1.23.6.tgz",
      "integrity": "sha512-Kelo+tNgHxkgKOrvpp/IHbQZjxGPTrZBkObW2QwW3uYAav9Ut/oWPmZTuA/te47Ayw0s/cv2BIwbMfHqi914WA==",
      "cpu": [
        "arm64"
      ],
      "license": "MIT OR Apache-2.0",
      "optional": true,
      "os": [
        "darwin"
      ],
      "engines": {
        "node": ">=20.20.0",
        "npm": ">=10.0.0"
      }
    },
    "node_modules/@stateset/embedded-darwin-x64": {
      "version": "1.23.6",
      "resolved": "https://registry.npmjs.org/@stateset/embedded-darwin-x64/-/embedded-darwin-x64-1.23.6.tgz",
      "integrity": "sha512-eAdWgzZryigsIvNO5mZ3UN+38CTKaesZk/MmxVE5gDcLnhB49ZsW4Xe/+lCL+hjhw+Tz1MpOLNtWxYSfxyC7eA==",
      "cpu": [
        "x64"
      ],
      "license": "MIT OR Apache-2.0",
      "optional": true,
      "os": [
        "darwin"
      ],
      "engines": {
        "node": ">=20.20.0",
        "npm": ">=10.0.0"
      }
    },
    "node_modules/@stateset/embedded-linux-arm64-gnu": {
      "version": "1.23.6",
      "resolved": "https://registry.npmjs.org/@stateset/embedded-linux-arm64-gnu/-/embedded-linux-arm64-gnu-1.23.6.tgz",
      "integrity": "sha512-AsyaRL6py+PDCQCnGQB2tYyt0z17SFnXigyhSwUf9QuMig9++irTDp4wxRAJLFkGg1CS6AgCKuv+Q04G6Nst3w==",
      "cpu": [
        "arm64"
      ],
      "license": "MIT OR Apache-2.0",
      "optional": true,
      "os": [
        "linux"
      ],
      "engines": {
        "node": ">=20.20.0",
        "npm": ">=10.0.0"
      }
    },
    "node_modules/@stateset/embedded-linux-arm64-musl": {
      "version": "1.23.6",
      "resolved": "https://registry.npmjs.org/@stateset/embedded-linux-arm64-musl/-/embedded-linux-arm64-musl-1.23.6.tgz",
      "integrity": "sha512-+k01YiCRHUJkZTVziZWYX3CK4m8b3k4RHxFVfIVI955i0PCn0tcPbUwTUtx++aRxRcfIu8TQdZA3bGGIZLLItA==",
      "cpu": [
        "arm64"
      ],
      "license": "MIT OR Apache-2.0",
      "optional": true,
      "os": [
        "linux"
      ],
      "engines": {
        "node": ">=20.20.0",
        "npm": ">=10.0.0"
      }
    },
    "node_modules/@stateset/embedded-linux-x64-gnu": {
      "version": "1.23.6",
      "resolved": "https://registry.npmjs.org/@stateset/embedded-linux-x64-gnu/-/embedded-linux-x64-gnu-1.23.6.tgz",
      "integrity": "sha512-hfYcFUUVHO0m0M0BQz/iFxi3ccpxpTXij2vUzXJM57lZ7l+m5Xt9dW0Ndx/6mEWkThPzrkTjJUGUJgSU28nGjQ==",
      "cpu": [
        "x64"
      ],
      "license": "MIT OR Apache-2.0",
      "optional": true,
      "os": [
        "linux"
      ],
      "engines": {
        "node": ">=20.20.0",
        "npm": ">=10.0.0"
      }
    },
    "node_modules/@stateset/embedded-linux-x64-musl": {
      "version": "1.23.6",
      "resolved": "https://registry.npmjs.org/@stateset/embedded-linux-x64-musl/-/embedded-linux-x64-musl-1.23.6.tgz",
      "integrity": "sha512-QxjP9djba4gc90pfjJAy9luCkKAy5I/vFKbt6BRnpaflGpCTYk5dNdloDTVe0Son8hzbuo8V4j6z79u6BYi5dg==",
      "cpu": [
        "x64"
      ],
      "license": "MIT OR Apache-2.0",
      "optional": true,
      "os": [
        "linux"
      ],
      "engines": {
        "node": ">=20.20.0",
        "npm": ">=10.0.0"
      }
    },
    "node_modules/@stateset/embedded-win32-arm64-msvc": {
      "version": "1.23.6",
      "resolved": "https://registry.npmjs.org/@stateset/embedded-win32-arm64-msvc/-/embedded-win32-arm64-msvc-1.23.6.tgz",
      "integrity": "sha512-GXjiEWRc/uNDzPe4i2pBqc2jco8PC4g8jLn1g98TNE03EgaSufOOreyRDFsSrZ/9H24YISGjpHqPRwXugb3Vdw==",
      "cpu": [
        "arm64"
      ],
      "license": "MIT OR Apache-2.0",
      "optional": true,
      "os": [
        "win32"
      ],
      "engines": {
        "node": ">=20.20.0",
        "npm": ">=10.0.0"
      }
    },
    "node_modules/@stateset/embedded-win32-x64-msvc": {
      "version": "1.23.6",
      "resolved": "https://registry.npmjs.org/@stateset/embedded-win32-x64-msvc/-/embedded-win32-x64-msvc-1.23.6.tgz",
      "integrity": "sha512-UDisARYAcCAFLeU9582BhjdlMqm6oeWiU1ByiNXhzVGovDhsp2nb1IRrxv+inVYTCuy4dqEDzffGDQauSHMRtg==",
      "cpu": [
        "x64"
      ],
      "license": "MIT OR Apache-2.0",
      "optional": true,
      "os": [
        "win32"
      ],
      "engines": {
        "node": ">=20.20.0",
        "npm": ">=10.0.0"
      }
    }
  }
}
