{
  "name": "stateset-node-examples",
  "version": "1.28.4",
  "lockfileVersion": 3,
  "requires": true,
  "packages": {
    "": {
      "name": "stateset-node-examples",
      "version": "1.28.4",
      "license": "MIT OR Apache-2.0",
      "dependencies": {
        "@stateset/embedded": "^1.28.4"
      }
    },
    "node_modules/@stateset/embedded": {
      "version": "1.28.4",
      "resolved": "https://registry.npmjs.org/@stateset/embedded/-/embedded-1.28.4.tgz",
      "integrity": "sha512-hUWBvXahyTUwCP4EidW3XORNuk9bxZeRV26PJN0Sjgotpa9WDVWNM/Nr+IU8XSAKBFOZpAISH1Fsc3ujdKOjgw==",
      "license": "MIT OR Apache-2.0",
      "engines": {
        "node": ">=20.20.0",
        "npm": ">=10.0.0"
      },
      "optionalDependencies": {
        "@stateset/embedded-darwin-arm64": "1.28.4",
        "@stateset/embedded-darwin-x64": "1.28.4",
        "@stateset/embedded-linux-arm64-gnu": "1.28.4",
        "@stateset/embedded-linux-arm64-musl": "1.28.4",
        "@stateset/embedded-linux-x64-gnu": "1.28.4",
        "@stateset/embedded-linux-x64-musl": "1.28.4",
        "@stateset/embedded-win32-arm64-msvc": "1.28.4",
        "@stateset/embedded-win32-x64-msvc": "1.28.4"
      },
      "peerDependencies": {
        "@stateset/cli": "^1.28.4"
      },
      "peerDependenciesMeta": {
        "@stateset/cli": {
          "optional": true
        }
      }
    },
    "node_modules/@stateset/embedded-darwin-arm64": {
      "version": "1.28.4",
      "resolved": "https://registry.npmjs.org/@stateset/embedded-darwin-arm64/-/embedded-darwin-arm64-1.28.4.tgz",
      "integrity": "sha512-NfOsLqJ0/n+7xJblrQUfOBlwBbmaTyuvOdsuj62w4vTpt4tqDtXzy4l9ECsXw5pUKEzmDwT6ULmaHBb/M4Dzcg==",
      "cpu": [
        "arm64"
      ],
      "license": "MIT OR Apache-2.0",
      "optional": true,
      "os": [
        "darwin"
      ],
      "engines": {
        "node": ">=20.20.0",
        "npm": ">=10.0.0"
      }
    },
    "node_modules/@stateset/embedded-darwin-x64": {
      "version": "1.28.4",
      "resolved": "https://registry.npmjs.org/@stateset/embedded-darwin-x64/-/embedded-darwin-x64-1.28.4.tgz",
      "integrity": "sha512-/OAHxRovMczwCCp0B6x9kLpByiFKSgRzdK2jY0SkUsx4Wwz/OdnlgP3HKh16JbunZ57hTXOW1dEF8zB9exFmEw==",
      "cpu": [
        "x64"
      ],
      "license": "MIT OR Apache-2.0",
      "optional": true,
      "os": [
        "darwin"
      ],
      "engines": {
        "node": ">=20.20.0",
        "npm": ">=10.0.0"
      }
    },
    "node_modules/@stateset/embedded-linux-arm64-gnu": {
      "version": "1.28.4",
      "resolved": "https://registry.npmjs.org/@stateset/embedded-linux-arm64-gnu/-/embedded-linux-arm64-gnu-1.28.4.tgz",
      "integrity": "sha512-96eKzhXJ/B8moFjdpUhi79xG/C5aP6IRdvx2DF5rxDUJITZfFRvNK/Rej8PjKvNJdn+WUaqJM9NZ1V8vsNzt+A==",
      "cpu": [
        "arm64"
      ],
      "license": "MIT OR Apache-2.0",
      "optional": true,
      "os": [
        "linux"
      ],
      "engines": {
        "node": ">=20.20.0",
        "npm": ">=10.0.0"
      }
    },
    "node_modules/@stateset/embedded-linux-arm64-musl": {
      "version": "1.28.4",
      "resolved": "https://registry.npmjs.org/@stateset/embedded-linux-arm64-musl/-/embedded-linux-arm64-musl-1.28.4.tgz",
      "integrity": "sha512-fHu+MUErXyL56jVEeheTcNu4oxOLnQbboUiJFYxYV6xHfjdPYMknHQ5tvuuM1JYqWymbsck1xGANqWsOzqcTfg==",
      "cpu": [
        "arm64"
      ],
      "license": "MIT OR Apache-2.0",
      "optional": true,
      "os": [
        "linux"
      ],
      "engines": {
        "node": ">=20.20.0",
        "npm": ">=10.0.0"
      }
    },
    "node_modules/@stateset/embedded-linux-x64-gnu": {
      "version": "1.28.4",
      "resolved": "https://registry.npmjs.org/@stateset/embedded-linux-x64-gnu/-/embedded-linux-x64-gnu-1.28.4.tgz",
      "integrity": "sha512-8SSgFe79t7tUSPB9rAfzDuYTQ5DhUppKTMIUv0GrwGm5+T7bR4N7sToWlEbT563NInywYO8YTRUX4PfSdgMCDw==",
      "cpu": [
        "x64"
      ],
      "license": "MIT OR Apache-2.0",
      "optional": true,
      "os": [
        "linux"
      ],
      "engines": {
        "node": ">=20.20.0",
        "npm": ">=10.0.0"
      }
    },
    "node_modules/@stateset/embedded-linux-x64-musl": {
      "version": "1.28.4",
      "resolved": "https://registry.npmjs.org/@stateset/embedded-linux-x64-musl/-/embedded-linux-x64-musl-1.28.4.tgz",
      "integrity": "sha512-skwUt7GF1ERyeIGkvesJCEQx3qcnLQAGeGgjmAYN+IGZOSWjij2TeQVQROcgMyRId7BekKz5X0OAaOVviS8ZuQ==",
      "cpu": [
        "x64"
      ],
      "license": "MIT OR Apache-2.0",
      "optional": true,
      "os": [
        "linux"
      ],
      "engines": {
        "node": ">=20.20.0",
        "npm": ">=10.0.0"
      }
    },
    "node_modules/@stateset/embedded-win32-arm64-msvc": {
      "version": "1.28.4",
      "resolved": "https://registry.npmjs.org/@stateset/embedded-win32-arm64-msvc/-/embedded-win32-arm64-msvc-1.28.4.tgz",
      "integrity": "sha512-BTvkqq6GeOfsXuSO/l0LvFEssSx86HHisSBJy2xWtpc+Sf7XGevQ7aiRPMOR55NOI6UJyLKa3eDhYC2zVy4O6A==",
      "cpu": [
        "arm64"
      ],
      "license": "MIT OR Apache-2.0",
      "optional": true,
      "os": [
        "win32"
      ],
      "engines": {
        "node": ">=20.20.0",
        "npm": ">=10.0.0"
      }
    },
    "node_modules/@stateset/embedded-win32-x64-msvc": {
      "version": "1.28.4",
      "resolved": "https://registry.npmjs.org/@stateset/embedded-win32-x64-msvc/-/embedded-win32-x64-msvc-1.28.4.tgz",
      "integrity": "sha512-+8jNlIKUUyBlt/n9zvrIi8gfbXrhBGdLEZSvWNzfvps7z4waeDQtNEA3dNxkVFaXgU3T8RnanJP7cJW5jsix+g==",
      "cpu": [
        "x64"
      ],
      "license": "MIT OR Apache-2.0",
      "optional": true,
      "os": [
        "win32"
      ],
      "engines": {
        "node": ">=20.20.0",
        "npm": ">=10.0.0"
      }
    }
  }
}
